// !$*UTF8*$!
{
	archiveVersion = 1;
	classes = {
	};
	objectVersion = 56;
	objects = {

/* Begin PBXBuildFile section */
		8CFB9DB72C67C2DB00F6B880 /* FormatFlexApp.swift in Sources */ = {isa = PBXBuildFile; fileRef = 8CFB9DB62C67C2DB00F6B880 /* FormatFlexApp.swift */; };
		8CFB9DB92C67C2DB00F6B880 /* ContentView.swift in Sources */ = {isa = PBXBuildFile; fileRef = 8CFB9DB82C67C2DB00F6B880 /* ContentView.swift */; };
		8CFB9DBB2C67C2DC00F6B880 /* Assets.xcassets in Resources */ = {isa = PBXBuildFile; fileRef = 8CFB9DBA2C67C2DC00F6B880 /* Assets.xcassets */; };
		8CFB9DBE2C67C2DC00F6B880 /* Preview Assets.xcassets in Resources */ = {isa = PBXBuildFile; fileRef = 8CFB9DBD2C67C2DC00F6B880 /* Preview Assets.xcassets */; };
		8CFB9DC92C67C2DC00F6B880 /* FormatFlexTests.swift in Sources */ = {isa = PBXBuildFile; fileRef = 8CFB9DC82C67C2DC00F6B880 /* FormatFlexTests.swift */; };
		8CFB9DD32C67C2DC00F6B880 /* FormatFlexUITests.swift in Sources */ = {isa = PBXBuildFile; fileRef = 8CFB9DD22C67C2DC00F6B880 /* FormatFlexUITests.swift */; };
		8CFB9DD52C67C2DC00F6B880 /* FormatFlexUITestsLaunchTests.swift in Sources */ = {isa = PBXBuildFile; fileRef = 8CFB9DD42C67C2DC00F6B880 /* FormatFlexUITestsLaunchTests.swift */; };
/* End PBXBuildFile section */

/* Begin PBXContainerItemProxy section */
		8CFB9DC52C67C2DC00F6B880 /* PBXContainerItemProxy */ = {
			isa = PBXContainerItemProxy;
			containerPortal = 8CFB9DAB2C67C2DB00F6B880 /* Project object */;
			proxyType = 1;
			remoteGlobalIDString = 8CFB9DB22C67C2DB00F6B880;
			remoteInfo = FormatFlex;
		};
		8CFB9DCF2C67C2DC00F6B880 /* PBXContainerItemProxy */ = {
			isa = PBXContainerItemProxy;
			containerPortal = 8CFB9DAB2C67C2DB00F6B880 /* Project object */;
			proxyType = 1;
			remoteGlobalIDString = 8CFB9DB22C67C2DB00F6B880;
			remoteInfo = FormatFlex;
		};
/* End PBXContainerItemProxy section */

/* Begin PBXFileReference section */
		8CFB9DB32C67C2DB00F6B880 /* FormatFlex.app */ = {isa = PBXFileReference; explicitFileType = wrapper.application; includeInIndex = 0; path = FormatFlex.app; sourceTree = BUILT_PRODUCTS_DIR; };
		8CFB9DB62C67C2DB00F6B880 /* FormatFlexApp.swift */ = {isa = PBXFileReference; lastKnownFileType = sourcecode.swift; path = FormatFlexApp.swift; sourceTree = "<group>"; };
		8CFB9DB82C67C2DB00F6B880 /* ContentView.swift */ = {isa = PBXFileReference; lastKnownFileType = sourcecode.swift; path = ContentView.swift; sourceTree = "<group>"; };
		8CFB9DBA2C67C2DC00F6B880 /* Assets.xcassets */ = {isa = PBXFileReference; lastKnownFileType = folder.assetcatalog; path = Assets.xcassets; sourceTree = "<group>"; };
		8CFB9DBD2C67C2DC00F6B880 /* Preview Assets.xcassets */ = {isa = PBXFileReference; lastKnownFileType = folder.assetcatalog; path = "Preview Assets.xcassets"; sourceTree = "<group>"; };
		8CFB9DBF2C67C2DC00F6B880 /* FormatFlex.entitlements */ = {isa = PBXFileReference; lastKnownFileType = text.plist.entitlements; path = FormatFlex.entitlements; sourceTree = "<group>"; };
		8CFB9DC42C67C2DC00F6B880 /* FormatFlexTests.xctest */ = {isa = PBXFileReference; explicitFileType = wrapper.cfbundle; includeInIndex = 0; path = FormatFlexTests.xctest; sourceTree = BUILT_PRODUCTS_DIR; };
		8CFB9DC82C67C2DC00F6B880 /* FormatFlexTests.swift */ = {isa = PBXFileReference; lastKnownFileType = sourcecode.swift; path = FormatFlexTests.swift; sourceTree = "<group>"; };
		8CFB9DCE2C67C2DC00F6B880 /* FormatFlexUITests.xctest */ = {isa = PBXFileReference; explicitFileType = wrapper.cfbundle; includeInIndex = 0; path = FormatFlexUITests.xctest; sourceTree = BUILT_PRODUCTS_DIR; };
		8CFB9DD22C67C2DC00F6B880 /* FormatFlexUITests.swift */ = {isa = PBXFileReference; lastKnownFileType = sourcecode.swift; path = FormatFlexUITests.swift; sourceTree = "<group>"; };
		8CFB9DD42C67C2DC00F6B880 /* FormatFlexUITestsLaunchTests.swift */ = {isa = PBXFileReference; lastKnownFileType = sourcecode.swift; path = FormatFlexUITestsLaunchTests.swift; sourceTree = "<group>"; };
/* End PBXFileReference section */

/* Begin PBXFrameworksBuildPhase section */
		8CFB9DB02C67C2DB00F6B880 /* Frameworks */ = {
			isa = PBXFrameworksBuildPhase;
			buildActionMask = 2147483647;
			files = (
			);
			runOnlyForDeploymentPostprocessing = 0;
		};
		8CFB9DC12C67C2DC00F6B880 /* Frameworks */ = {
			isa = PBXFrameworksBuildPhase;
			buildActionMask = 2147483647;
			files = (
			);
			runOnlyForDeploymentPostprocessing = 0;
		};
		8CFB9DCB2C67C2DC00F6B880 /* Frameworks */ = {
			isa = PBXFrameworksBuildPhase;
			buildActionMask = 2147483647;
			files = (
			);
			runOnlyForDeploymentPostprocessing = 0;
		};
/* End PBXFrameworksBuildPhase section */

/* Begin PBXGroup section */
		8CFB9DAA2C67C2DB00F6B880 = {
			isa = PBXGroup;
			children = (
				8CFB9DB52C67C2DB00F6B880 /* FormatFlex */,
				8CFB9DC72C67C2DC00F6B880 /* FormatFlexTests */,
				8CFB9DD12C67C2DC00F6B880 /* FormatFlexUITests */,
				8CFB9DB42C67C2DB00F6B880 /* Products */,
			);
			sourceTree = "<group>";
		};
		8CFB9DB42C67C2DB00F6B880 /* Products */ = {
			isa = PBXGroup;
			children = (
				8CFB9DB32C67C2DB00F6B880 /* FormatFlex.app */,
				8CFB9DC42C67C2DC00F6B880 /* FormatFlexTests.xctest */,
				8CFB9DCE2C67C2DC00F6B880 /* FormatFlexUITests.xctest */,
			);
			name = Products;
			sourceTree = "<group>";
		};
		8CFB9DB52C67C2DB00F6B880 /* FormatFlex */ = {
			isa = PBXGroup;
			children = (
				8CFB9DB62C67C2DB00F6B880 /* FormatFlexApp.swift */,
				8CFB9DB82C67C2DB00F6B880 /* ContentView.swift */,
				8CFB9DBA2C67C2DC00F6B880 /* Assets.xcassets */,
				8CFB9DBF2C67C2DC00F6B880 /* FormatFlex.entitlements */,
				8CFB9DBC2C67C2DC00F6B880 /* Preview Content */,
			);
			path = FormatFlex;
			sourceTree = "<group>";
		};
		8CFB9DBC2C67C2DC00F6B880 /* Preview Content */ = {
			isa = PBXGroup;
			children = (
				8CFB9DBD2C67C2DC00F6B880 /* Preview Assets.xcassets */,
			);
			path = "Preview Content";
			sourceTree = "<group>";
		};
		8CFB9DC72C67C2DC00F6B880 /* FormatFlexTests */ = {
			isa = PBXGroup;
			children = (
				8CFB9DC82C67C2DC00F6B880 /* FormatFlexTests.swift */,
			);
			path = FormatFlexTests;
			sourceTree = "<group>";
		};
		8CFB9DD12C67C2DC00F6B880 /* FormatFlexUITests */ = {
			isa = PBXGroup;
			children = (
				8CFB9DD22C67C2DC00F6B880 /* FormatFlexUITests.swift */,
				8CFB9DD42C67C2DC00F6B880 /* FormatFlexUITestsLaunchTests.swift */,
			);
			path = FormatFlexUITests;
			sourceTree = "<group>";
		};
/* End PBXGroup section */

/* Begin PBXNativeTarget section */
		8CFB9DB22C67C2DB00F6B880 /* FormatFlex */ = {
			isa = PBXNativeTarget;
			buildConfigurationList = 8CFB9DD82C67C2DC00F6B880 /* Build configuration list for PBXNativeTarget "FormatFlex" */;
			buildPhases = (
				8CFB9DAF2C67C2DB00F6B880 /* Sources */,
				8CFB9DB02C67C2DB00F6B880 /* Frameworks */,
				8CFB9DB12C67C2DB00F6B880 /* Resources */,
			);
			buildRules = (
			);
			dependencies = (
			);
			name = FormatFlex;
			productName = FormatFlex;
			productReference = 8CFB9DB32C67C2DB00F6B880 /* FormatFlex.app */;
			productType = "com.apple.product-type.application";
		};
		8CFB9DC32C67C2DC00F6B880 /* FormatFlexTests */ = {
			isa = PBXNativeTarget;
			buildConfigurationList = 8CFB9DDB2C67C2DC00F6B880 /* Build configuration list for PBXNativeTarget "FormatFlexTests" */;
			buildPhases = (
				8CFB9DC02C67C2DC00F6B880 /* Sources */,
				8CFB9DC12C67C2DC00F6B880 /* Frameworks */,
				8CFB9DC22C67C2DC00F6B880 /* Resources */,
			);
			buildRules = (
			);
			dependencies = (
				8CFB9DC62C67C2DC00F6B880 /* PBXTargetDependency */,
			);
			name = FormatFlexTests;
			productName = FormatFlexTests;
			productReference = 8CFB9DC42C67C2DC00F6B880 /* FormatFlexTests.xctest */;
			productType = "com.apple.product-type.bundle.unit-test";
		};
		8CFB9DCD2C67C2DC00F6B880 /* FormatFlexUITests */ = {
			isa = PBXNativeTarget;
			buildConfigurationList = 8CFB9DDE2C67C2DC00F6B880 /* Build configuration list for PBXNativeTarget "FormatFlexUITests" */;
			buildPhases = (
				8CFB9DCA2C67C2DC00F6B880 /* Sources */,
				8CFB9DCB2C67C2DC00F6B880 /* Frameworks */,
				8CFB9DCC2C67C2DC00F6B880 /* Resources */,
			);
			buildRules = (
			);
			dependencies = (
				8CFB9DD02C67C2DC00F6B880 /* PBXTargetDependency */,
			);
			name = FormatFlexUITests;
			productName = FormatFlexUITests;
			productReference = 8CFB9DCE2C67C2DC00F6B880 /* FormatFlexUITests.xctest */;
			productType = "com.apple.product-type.bundle.ui-testing";
		};
/* End PBXNativeTarget section */

/* Begin PBXProject section */
		8CFB9DAB2C67C2DB00F6B880 /* Project object */ = {
			isa = PBXProject;
			attributes = {
				BuildIndependentTargetsInParallel = 1;
				LastSwiftUpdateCheck = 1540;
				LastUpgradeCheck = 1540;
				TargetAttributes = {
					8CFB9DB22C67C2DB00F6B880 = {
						CreatedOnToolsVersion = 15.4;
					};
					8CFB9DC32C67C2DC00F6B880 = {
						CreatedOnToolsVersion = 15.4;
						TestTargetID = 8CFB9DB22C67C2DB00F6B880;
					};
					8CFB9DCD2C67C2DC00F6B880 = {
						CreatedOnToolsVersion = 15.4;
						TestTargetID = 8CFB9DB22C67C2DB00F6B880;
					};
				};
			};
			buildConfigurationList = 8CFB9DAE2C67C2DB00F6B880 /* Build configuration list for PBXProject "FormatFlex" */;
			compatibilityVersion = "Xcode 14.0";
			developmentRegion = en;
			hasScannedForEncodings = 0;
			knownRegions = (
				en,
				Base,
			);
			mainGroup = 8CFB9DAA2C67C2DB00F6B880;
			productRefGroup = 8CFB9DB42C67C2DB00F6B880 /* Products */;
			projectDirPath = "";
			projectRoot = "";
			targets = (
				8CFB9DB22C67C2DB00F6B880 /* FormatFlex */,
				8CFB9DC32C67C2DC00F6B880 /* FormatFlexTests */,
				8CFB9DCD2C67C2DC00F6B880 /* FormatFlexUITests */,
			);
		};
/* End PBXProject section */

/* Begin PBXResourcesBuildPhase section */
		8CFB9DB12C67C2DB00F6B880 /* Resources */ = {
			isa = PBXResourcesBuildPhase;
			buildActionMask = 2147483647;
			files = (
				8CFB9DBE2C67C2DC00F6B880 /* Preview Assets.xcassets in Resources */,
				8CFB9DBB2C67C2DC00F6B880 /* Assets.xcassets in Resources */,
			);
			runOnlyForDeploymentPostprocessing = 0;
		};
		8CFB9DC22C67C2DC00F6B880 /* Resources */ = {
			isa = PBXResourcesBuildPhase;
			buildActionMask = 2147483647;
			files = (
			);
			runOnlyForDeploymentPostprocessing = 0;
		};
		8CFB9DCC2C67C2DC00F6B880 /* Resources */ = {
			isa = PBXResourcesBuildPhase;
			buildActionMask = 2147483647;
			files = (
			);
			runOnlyForDeploymentPostprocessing = 0;
		};
/* End PBXResourcesBuildPhase section */

/* Begin PBXSourcesBuildPhase section */
		8CFB9DAF2C67C2DB00F6B880 /* Sources */ = {
			isa = PBXSourcesBuildPhase;
			buildActionMask = 2147483647;
			files = (
				8CFB9DB92C67C2DB00F6B880 /* ContentView.swift in Sources */,
				8CFB9DB72C67C2DB00F6B880 /* FormatFlexApp.swift in Sources */,
			);
			runOnlyForDeploymentPostprocessing = 0;
		};
		8CFB9DC02C67C2DC00F6B880 /* Sources */ = {
			isa = PBXSourcesBuildPhase;
			buildActionMask = 2147483647;
			files = (
				8CFB9DC92C67C2DC00F6B880 /* FormatFlexTests.swift in Sources */,
			);
			runOnlyForDeploymentPostprocessing = 0;
		};
		8CFB9DCA2C67C2DC00F6B880 /* Sources */ = {
			isa = PBXSourcesBuildPhase;
			buildActionMask = 2147483647;
			files = (
				8CFB9DD52C67C2DC00F6B880 /* FormatFlexUITestsLaunchTests.swift in Sources */,
				8CFB9DD32C67C2DC00F6B880 /* FormatFlexUITests.swift in Sources */,
			);
			runOnlyForDeploymentPostprocessing = 0;
		};
/* End PBXSourcesBuildPhase section */

/* Begin PBXTargetDependency section */
		8CFB9DC62C67C2DC00F6B880 /* PBXTargetDependency */ = {
			isa = PBXTargetDependency;
			target = 8CFB9DB22C67C2DB00F6B880 /* FormatFlex */;
			targetProxy = 8CFB9DC52C67C2DC00F6B880 /* PBXContainerItemProxy */;
		};
		8CFB9DD02C67C2DC00F6B880 /* PBXTargetDependency */ = {
			isa = PBXTargetDependency;
			target = 8CFB9DB22C67C2DB00F6B880 /* FormatFlex */;
			targetProxy = 8CFB9DCF2C67C2DC00F6B880 /* PBXContainerItemProxy */;
		};
/* End PBXTargetDependency section */

/* Begin XCBuildConfiguration section */
		8CFB9DD62C67C2DC00F6B880 /* Debug */ = {
			isa = XCBuildConfiguration;
			buildSettings = {
				ALWAYS_SEARCH_USER_PATHS = NO;
				ASSETCATALOG_COMPILER_GENERATE_SWIFT_ASSET_SYMBOL_EXTENSIONS = YES;
				CLANG_ANALYZER_NONNULL = YES;
				CLANG_ANALYZER_NUMBER_OBJECT_CONVERSION = YES_AGGRESSIVE;
				CLANG_CXX_LANGUAGE_STANDARD = "gnu++20";
				CLANG_ENABLE_MODULES = YES;
				CLANG_ENABLE_OBJC_ARC = YES;
				CLANG_ENABLE_OBJC_WEAK = YES;
				CLANG_WARN_BLOCK_CAPTURE_AUTORELEASING = YES;
				CLANG_WARN_BOOL_CONVERSION = YES;
				CLANG_WARN_COMMA = YES;
				CLANG_WARN_CONSTANT_CONVERSION = YES;
				CLANG_WARN_DEPRECATED_OBJC_IMPLEMENTATIONS = YES;
				CLANG_WARN_DIRECT_OBJC_ISA_USAGE = YES_ERROR;
				CLANG_WARN_DOCUMENTATION_COMMENTS = YES;
				CLANG_WARN_EMPTY_BODY = YES;
				CLANG_WARN_ENUM_CONVERSION = YES;
				CLANG_WARN_INFINITE_RECURSION = YES;
				CLANG_WARN_INT_CONVERSION = YES;
				CLANG_WARN_NON_LITERAL_NULL_CONVERSION = YES;
				CLANG_WARN_OBJC_IMPLICIT_RETAIN_SELF = YES;
				CLANG_WARN_OBJC_LITERAL_CONVERSION = YES;
				CLANG_WARN_OBJC_ROOT_CLASS = YES_ERROR;
				CLANG_WARN_QUOTED_INCLUDE_IN_FRAMEWORK_HEADER = YES;
				CLANG_WARN_RANGE_LOOP_ANALYSIS = YES;
				CLANG_WARN_STRICT_PROTOTYPES = YES;
				CLANG_WARN_SUSPICIOUS_MOVE = YES;
				CLANG_WARN_UNGUARDED_AVAILABILITY = YES_AGGRESSIVE;
				CLANG_WARN_UNREACHABLE_CODE = YES;
				CLANG_WARN__DUPLICATE_METHOD_MATCH = YES;
				COPY_PHASE_STRIP = NO;
				DEBUG_INFORMATION_FORMAT = dwarf;
				ENABLE_STRICT_OBJC_MSGSEND = YES;
				ENABLE_TESTABILITY = YES;
				ENABLE_USER_SCRIPT_SANDBOXING = YES;
				GCC_C_LANGUAGE_STANDARD = gnu17;
				GCC_DYNAMIC_NO_PIC = NO;
				GCC_NO_COMMON_BLOCKS = YES;
				GCC_OPTIMIZATION_LEVEL = 0;
				GCC_PREPROCESSOR_DEFINITIONS = (
					"DEBUG=1",
					"$(inherited)",
				);
				GCC_WARN_64_TO_32_BIT_CONVERSION = YES;
				GCC_WARN_ABOUT_RETURN_TYPE = YES_ERROR;
				GCC_WARN_UNDECLARED_SELECTOR = YES;
				GCC_WARN_UNINITIALIZED_AUTOS = YES_AGGRESSIVE;
				GCC_WARN_UNUSED_FUNCTION = YES;
				GCC_WARN_UNUSED_VARIABLE = YES;
				LOCALIZATION_PREFERS_STRING_CATALOGS = YES;
				MACOSX_DEPLOYMENT_TARGET = 14.5;
				MTL_ENABLE_DEBUG_INFO = INCLUDE_SOURCE;
				MTL_FAST_MATH = YES;
				ONLY_ACTIVE_ARCH = YES;
				SDKROOT = macosx;
				SWIFT_ACTIVE_COMPILATION_CONDITIONS = "DEBUG $(inherited)";
				SWIFT_OPTIMIZATION_LEVEL = "-Onone";
			};
			name = Debug;
		};
		8CFB9DD72C67C2DC00F6B880 /* Release */ = {
			isa = XCBuildConfiguration;
			buildSettings = {
				ALWAYS_SEARCH_USER_PATHS = NO;
				ASSETCATALOG_COMPILER_GENERATE_SWIFT_ASSET_SYMBOL_EXTENSIONS = YES;
				CLANG_ANALYZER_NONNULL = YES;
				CLANG_ANALYZER_NUMBER_OBJECT_CONVERSION = YES_AGGRESSIVE;
				CLANG_CXX_LANGUAGE_STANDARD = "gnu++20";
				CLANG_ENABLE_MODULES = YES;
				CLANG_ENABLE_OBJC_ARC = YES;
				CLANG_ENABLE_OBJC_WEAK = YES;
				CLANG_WARN_BLOCK_CAPTURE_AUTORELEASING = YES;
				CLANG_WARN_BOOL_CONVERSION = YES;
				CLANG_WARN_COMMA = YES;
				CLANG_WARN_CONSTANT_CONVERSION = YES;
				CLANG_WARN_DEPRECATED_OBJC_IMPLEMENTATIONS = YES;
				CLANG_WARN_DIRECT_OBJC_ISA_USAGE = YES_ERROR;
				CLANG_WARN_DOCUMENTATION_COMMENTS = YES;
				CLANG_WARN_EMPTY_BODY = YES;
				CLANG_WARN_ENUM_CONVERSION = YES;
				CLANG_WARN_INFINITE_RECURSION = YES;
				CLANG_WARN_INT_CONVERSION = YES;
				CLANG_WARN_NON_LITERAL_NULL_CONVERSION = YES;
				CLANG_WARN_OBJC_IMPLICIT_RETAIN_SELF = YES;
				CLANG_WARN_OBJC_LITERAL_CONVERSION = YES;
				CLANG_WARN_OBJC_ROOT_CLASS = YES_ERROR;
				CLANG_WARN_QUOTED_INCLUDE_IN_FRAMEWORK_HEADER = YES;
				CLANG_WARN_RANGE_LOOP_ANALYSIS = YES;
				CLANG_WARN_STRICT_PROTOTYPES = YES;
				CLANG_WARN_SUSPICIOUS_MOVE = YES;
				CLANG_WARN_UNGUARDED_AVAILABILITY = YES_AGGRESSIVE;
				CLANG_WARN_UNREACHABLE_CODE = YES;
				CLANG_WARN__DUPLICATE_METHOD_MATCH = YES;
				COPY_PHASE_STRIP = NO;
				DEBUG_INFORMATION_FORMAT = "dwarf-with-dsym";
				ENABLE_NS_ASSERTIONS = NO;
				ENABLE_STRICT_OBJC_MSGSEND = YES;
				ENABLE_USER_SCRIPT_SANDBOXING = YES;
				GCC_C_LANGUAGE_STANDARD = gnu17;
				GCC_NO_COMMON_BLOCKS = YES;
				GCC_WARN_64_TO_32_BIT_CONVERSION = YES;
				GCC_WARN_ABOUT_RETURN_TYPE = YES_ERROR;
				GCC_WARN_UNDECLARED_SELECTOR = YES;
				GCC_WARN_UNINITIALIZED_AUTOS = YES_AGGRESSIVE;
				GCC_WARN_UNUSED_FUNCTION = YES;
				GCC_WARN_UNUSED_VARIABLE = YES;
				LOCALIZATION_PREFERS_STRING_CATALOGS = YES;
				MACOSX_DEPLOYMENT_TARGET = 14.5;
				MTL_ENABLE_DEBUG_INFO = NO;
				MTL_FAST_MATH = YES;
				SDKROOT = macosx;
				SWIFT_COMPILATION_MODE = wholemodule;
			};
			name = Release;
		};
		8CFB9DD92C67C2DC00F6B880 /* Debug */ = {
			isa = XCBuildConfiguration;
			buildSettings = {
				ASSETCATALOG_COMPILER_APPICON_NAME = AppIcon;
				ASSETCATALOG_COMPILER_GLOBAL_ACCENT_COLOR_NAME = AccentColor;
				CODE_SIGN_ENTITLEMENTS = FormatFlex/FormatFlex.entitlements;
				CODE_SIGN_STYLE = Automatic;
				COMBINE_HIDPI_IMAGES = YES;
				CURRENT_PROJECT_VERSION = 1;
				DEVELOPMENT_ASSET_PATHS = "\"FormatFlex/Preview Content\"";
				DEVELOPMENT_TEAM = XDRGP2DC92;
				ENABLE_HARDENED_RUNTIME = YES;
				ENABLE_PREVIEWS = YES;
				GENERATE_INFOPLIST_FILE = YES;
				INFOPLIST_KEY_NSHumanReadableCopyright = "";
				LD_RUNPATH_SEARCH_PATHS = (
					"$(inherited)",
					"@executable_path/../Frameworks",
				);
				MARKETING_VERSION = 1.0;
				PRODUCT_BUNDLE_IDENTIFIER = RMH.FormatFlex;
				PRODUCT_NAME = "$(TARGET_NAME)";
				SWIFT_EMIT_LOC_STRINGS = YES;
				SWIFT_VERSION = 5.0;
			};
			name = Debug;
		};
		8CFB9DDA2C67C2DC00F6B880 /* Release */ = {
			isa = XCBuildConfiguration;
			buildSettings = {
				ASSETCATALOG_COMPILER_APPICON_NAME = AppIcon;
				ASSETCATALOG_COMPILER_GLOBAL_ACCENT_COLOR_NAME = AccentColor;
				CODE_SIGN_ENTITLEMENTS = FormatFlex/FormatFlex.entitlements;
				CODE_SIGN_STYLE = Automatic;
				COMBINE_HIDPI_IMAGES = YES;
				CURRENT_PROJECT_VERSION = 1;
				DEVELOPMENT_ASSET_PATHS = "\"FormatFlex/Preview Content\"";
				DEVELOPMENT_TEAM = XDRGP2DC92;
				ENABLE_HARDENED_RUNTIME = YES;
				ENABLE_PREVIEWS = YES;
				GENERATE_INFOPLIST_FILE = YES;
				INFOPLIST_KEY_NSHumanReadableCopyright = "";
				LD_RUNPATH_SEARCH_PATHS = (
					"$(inherited)",
					"@executable_path/../Frameworks",
				);
				MARKETING_VERSION = 1.0;
				PRODUCT_BUNDLE_IDENTIFIER = RMH.FormatFlex;
				PRODUCT_NAME = "$(TARGET_NAME)";
				SWIFT_EMIT_LOC_STRINGS = YES;
				SWIFT_VERSION = 5.0;
			};
			name = Release;
		};
		8CFB9DDC2C67C2DC00F6B880 /* Debug */ = {
			isa = XCBuildConfiguration;
			buildSettings = {
				ALWAYS_EMBED_SWIFT_STANDARD_LIBRARIES = YES;
				BUNDLE_LOADER = "$(TEST_HOST)";
				CODE_SIGN_STYLE = Automatic;
				CURRENT_PROJECT_VERSION = 1;
				DEVELOPMENT_TEAM = XDRGP2DC92;
				GENERATE_INFOPLIST_FILE = YES;
				MACOSX_DEPLOYMENT_TARGET = 14.5;
				MARKETING_VERSION = 1.0;
				PRODUCT_BUNDLE_IDENTIFIER = RMH.FormatFlexTests;
				PRODUCT_NAME = "$(TARGET_NAME)";
				SWIFT_EMIT_LOC_STRINGS = NO;
				SWIFT_VERSION = 5.0;
				TEST_HOST = "$(BUILT_PRODUCTS_DIR)/FormatFlex.app/$(BUNDLE_EXECUTABLE_FOLDER_PATH)/FormatFlex";
			};
			name = Debug;
		};
		8CFB9DDD2C67C2DC00F6B880 /* Release */ = {
			isa = XCBuildConfiguration;
			buildSettings = {
				ALWAYS_EMBED_SWIFT_STANDARD_LIBRARIES = YES;
				BUNDLE_LOADER = "$(TEST_HOST)";
				CODE_SIGN_STYLE = Automatic;
				CURRENT_PROJECT_VERSION = 1;
				DEVELOPMENT_TEAM = XDRGP2DC92;
				GENERATE_INFOPLIST_FILE = YES;
				MACOSX_DEPLOYMENT_TARGET = 14.5;
				MARKETING_VERSION = 1.0;
				PRODUCT_BUNDLE_IDENTIFIER = RMH.FormatFlexTests;
				PRODUCT_NAME = "$(TARGET_NAME)";
				SWIFT_EMIT_LOC_STRINGS = NO;
				SWIFT_VERSION = 5.0;
				TEST_HOST = "$(BUILT_PRODUCTS_DIR)/FormatFlex.app/$(BUNDLE_EXECUTABLE_FOLDER_PATH)/FormatFlex";
			};
			name = Release;
		};
		8CFB9DDF2C67C2DC00F6B880 /* Debug */ = {
			isa = XCBuildConfiguration;
			buildSettings = {
				ALWAYS_EMBED_SWIFT_STANDARD_LIBRARIES = YES;
				CODE_SIGN_STYLE = Automatic;
				CURRENT_PROJECT_VERSION = 1;
				DEVELOPMENT_TEAM = XDRGP2DC92;
				GENERATE_INFOPLIST_FILE = YES;
				MARKETING_VERSION = 1.0;
				PRODUCT_BUNDLE_IDENTIFIER = RMH.FormatFlexUITests;
				PRODUCT_NAME = "$(TARGET_NAME)";
				SWIFT_EMIT_LOC_STRINGS = NO;
				SWIFT_VERSION = 5.0;
				TEST_TARGET_NAME = FormatFlex;
			};
			name = Debug;
		};
		8CFB9DE02C67C2DC00F6B880 /* Release */ = {
			isa = XCBuildConfiguration;
			buildSettings = {
				ALWAYS_EMBED_SWIFT_STANDARD_LIBRARIES = YES;
				CODE_SIGN_STYLE = Automatic;
				CURRENT_PROJECT_VERSION = 1;
				DEVELOPMENT_TEAM = XDRGP2DC92;
				GENERATE_INFOPLIST_FILE = YES;
				MARKETING_VERSION = 1.0;
				PRODUCT_BUNDLE_IDENTIFIER = RMH.FormatFlexUITests;
				PRODUCT_NAME = "$(TARGET_NAME)";
				SWIFT_EMIT_LOC_STRINGS = NO;
				SWIFT_VERSION = 5.0;
				TEST_TARGET_NAME = FormatFlex;
			};
			name = Release;
		};
/* End XCBuildConfiguration section */

/* Begin XCConfigurationList section */
		8CFB9DAE2C67C2DB00F6B880 /* Build configuration list for PBXProject "FormatFlex" */ = {
			isa = XCConfigurationList;
			buildConfigurations = (
				8CFB9DD62C67C2DC00F6B880 /* Debug */,
				8CFB9DD72C67C2DC00F6B880 /* Release */,
			);
			defaultConfigurationIsVisible = 0;
			defaultConfigurationName = Release;
		};
		8CFB9DD82C67C2DC00F6B880 /* Build configuration list for PBXNativeTarget "FormatFlex" */ = {
			isa = XCConfigurationList;
			buildConfigurations = (
				8CFB9DD92C67C2DC00F6B880 /* Debug */,
				8CFB9DDA2C67C2DC00F6B880 /* Release */,
			);
			defaultConfigurationIsVisible = 0;
			defaultConfigurationName = Release;
		};
		8CFB9DDB2C67C2DC00F6B880 /* Build configuration list for PBXNativeTarget "FormatFlexTests" */ = {
			isa = XCConfigurationList;
			buildConfigurations = (
				8CFB9DDC2C67C2DC00F6B880 /* Debug */,
				8CFB9DDD2C67C2DC00F6B880 /* Release */,
			);
			defaultConfigurationIsVisible = 0;
			defaultConfigurationName = Release;
		};
		8CFB9DDE2C67C2DC00F6B880 /* Build configuration list for PBXNativeTarget "FormatFlexUITests" */ = {
			isa = XCConfigurationList;
			buildConfigurations = (
				8CFB9DDF2C67C2DC00F6B880 /* Debug */,
				8CFB9DE02C67C2DC00F6B880 /* Release */,
			);
			defaultConfigurationIsVisible = 0;
			defaultConfigurationName = Release;
		};
/* End XCConfigurationList section */
	};
	rootObject = 8CFB9DAB2C67C2DB00F6B880 /* Project object */;
}
